// !$*UTF8*$!
{
	archiveVersion = 1;
	classes = {
	};
	objectVersion = 46;
	objects = {

/* Begin PBXBuildFile section */
		945A836D1E14C0D600C35A36 /* Localizable.strings in Resources */ = {isa = PBXBuildFile; fileRef = 945A836B1E14C0D600C35A36 /* Localizable.strings */; };
		945A83721E14C76700C35A36 /* SSMessageTests.m in Sources */ = {isa = PBXBuildFile; fileRef = 945A83711E14C76700C35A36 /* SSMessageTests.m */; };
		945A83741E14CBAF00C35A36 /* HeaderItem.swift in Sources */ = {isa = PBXBuildFile; fileRef = 945A83731E14CBAF00C35A36 /* HeaderItem.swift */; };
		945A83761E14CBD100C35A36 /* JSONBuildable.swift in Sources */ = {isa = PBXBuildFile; fileRef = 945A83751E14CBD100C35A36 /* JSONBuildable.swift */; };
		945A83781E14CE0800C35A36 /* Attachment.swift in Sources */ = {isa = PBXBuildFile; fileRef = 945A83771E14CE0800C35A36 /* Attachment.swift */; };
		945A837A1E14D14000C35A36 /* Response.swift in Sources */ = {isa = PBXBuildFile; fileRef = 945A83791E14D14000C35A36 /* Response.swift */; };
		945A837C1E14E2E300C35A36 /* SSAttachmentTests.m in Sources */ = {isa = PBXBuildFile; fileRef = 945A837B1E14E2E300C35A36 /* SSAttachmentTests.m */; };
		945A837E1E15A2EA00C35A36 /* Error.swift in Sources */ = {isa = PBXBuildFile; fileRef = 945A837D1E15A2EA00C35A36 /* Error.swift */; };
		94803A311E14B50600B9C11E /* URLHelpers.swift in Sources */ = {isa = PBXBuildFile; fileRef = 94803A301E14B50600B9C11E /* URLHelpers.swift */; };
		94803A331E14B77E00B9C11E /* Message.swift in Sources */ = {isa = PBXBuildFile; fileRef = 94803A321E14B77E00B9C11E /* Message.swift */; };
		94803A3F1E14BE1C00B9C11E /* Localize.swift in Sources */ = {isa = PBXBuildFile; fileRef = 94803A3E1E14BE1C00B9C11E /* Localize.swift */; };
		949AA1681E14AE0E00F28EE5 /* SSPostmark.h in Headers */ = {isa = PBXBuildFile; fileRef = 949AA15A1E14AE0E00F28EE5 /* SSPostmark.h */; settings = {ATTRIBUTES = (Public, ); }; };
		949AA1801E14B2F100F28EE5 /* SSPostmarkTests.m in Sources */ = {isa = PBXBuildFile; fileRef = 949AA17F1E14B2F100F28EE5 /* SSPostmarkTests.m */; };
		949AA1821E14B2F100F28EE5 /* SSPostmark.framework in Frameworks */ = {isa = PBXBuildFile; fileRef = 949AA1571E14AE0E00F28EE5 /* SSPostmark.framework */; };
		949AA1891E14B30400F28EE5 /* Postmark.swift in Sources */ = {isa = PBXBuildFile; fileRef = 949AA1881E14B30400F28EE5 /* Postmark.swift */; };
/* End PBXBuildFile section */

/* Begin PBXContainerItemProxy section */
		949AA1831E14B2F100F28EE5 /* PBXContainerItemProxy */ = {
			isa = PBXContainerItemProxy;
			containerPortal = 949AA14E1E14AE0E00F28EE5 /* Project object */;
			proxyType = 1;
			remoteGlobalIDString = 949AA1561E14AE0E00F28EE5;
			remoteInfo = SSPostmark;
		};
/* End PBXContainerItemProxy section */

/* Begin PBXFileReference section */
		945A836C1E14C0D600C35A36 /* en */ = {isa = PBXFileReference; lastKnownFileType = text.plist.strings; name = en; path = en.lproj/Localizable.strings; sourceTree = "<group>"; };
		945A83711E14C76700C35A36 /* SSMessageTests.m */ = {isa = PBXFileReference; fileEncoding = 4; lastKnownFileType = sourcecode.c.objc; path = SSMessageTests.m; sourceTree = "<group>"; };
		945A83731E14CBAF00C35A36 /* HeaderItem.swift */ = {isa = PBXFileReference; fileEncoding = 4; lastKnownFileType = sourcecode.swift; path = HeaderItem.swift; sourceTree = "<group>"; };
		945A83751E14CBD100C35A36 /* JSONBuildable.swift */ = {isa = PBXFileReference; fileEncoding = 4; lastKnownFileType = sourcecode.swift; path = JSONBuildable.swift; sourceTree = "<group>"; };
		945A83771E14CE0800C35A36 /* Attachment.swift */ = {isa = PBXFileReference; fileEncoding = 4; lastKnownFileType = sourcecode.swift; path = Attachment.swift; sourceTree = "<group>"; };
		945A83791E14D14000C35A36 /* Response.swift */ = {isa = PBXFileReference; fileEncoding = 4; lastKnownFileType = sourcecode.swift; path = Response.swift; sourceTree = "<group>"; };
		945A837B1E14E2E300C35A36 /* SSAttachmentTests.m */ = {isa = PBXFileReference; fileEncoding = 4; lastKnownFileType = sourcecode.c.objc; path = SSAttachmentTests.m; sourceTree = "<group>"; };
		945A837D1E15A2EA00C35A36 /* Error.swift */ = {isa = PBXFileReference; fileEncoding = 4; lastKnownFileType = sourcecode.swift; path = Error.swift; sourceTree = "<group>"; };
		94803A301E14B50600B9C11E /* URLHelpers.swift */ = {isa = PBXFileReference; fileEncoding = 4; lastKnownFileType = sourcecode.swift; path = URLHelpers.swift; sourceTree = "<group>"; };
		94803A321E14B77E00B9C11E /* Message.swift */ = {isa = PBXFileReference; fileEncoding = 4; lastKnownFileType = sourcecode.swift; path = Message.swift; sourceTree = "<group>"; };
		94803A3E1E14BE1C00B9C11E /* Localize.swift */ = {isa = PBXFileReference; fileEncoding = 4; lastKnownFileType = sourcecode.swift; path = Localize.swift; sourceTree = "<group>"; };
		949AA1571E14AE0E00F28EE5 /* SSPostmark.framework */ = {isa = PBXFileReference; explicitFileType = wrapper.framework; includeInIndex = 0; path = SSPostmark.framework; sourceTree = BUILT_PRODUCTS_DIR; };
		949AA15A1E14AE0E00F28EE5 /* SSPostmark.h */ = {isa = PBXFileReference; lastKnownFileType = sourcecode.c.h; path = SSPostmark.h; sourceTree = "<group>"; };
		949AA15B1E14AE0E00F28EE5 /* Info.plist */ = {isa = PBXFileReference; lastKnownFileType = text.plist.xml; path = Info.plist; sourceTree = "<group>"; };
		949AA1731E14AE3C00F28EE5 /* Project-Base.xcconfig */ = {isa = PBXFileReference; lastKnownFileType = text.xcconfig; path = "Project-Base.xcconfig"; sourceTree = "<group>"; };
		949AA1741E14AE4700F28EE5 /* Project-Dev.xcconfig */ = {isa = PBXFileReference; lastKnownFileType = text.xcconfig; path = "Project-Dev.xcconfig"; sourceTree = "<group>"; };
		949AA1751E14AE5600F28EE5 /* Project-Release.xcconfig */ = {isa = PBXFileReference; lastKnownFileType = text.xcconfig; path = "Project-Release.xcconfig"; sourceTree = "<group>"; };
		949AA1761E14AE6100F28EE5 /* SSPostmark-Base-iOS.xcconfig */ = {isa = PBXFileReference; lastKnownFileType = text.xcconfig; path = "SSPostmark-Base-iOS.xcconfig"; sourceTree = "<group>"; };
		949AA1771E14AE6C00F28EE5 /* SSPostmark-Dev-iOS.xcconfig */ = {isa = PBXFileReference; lastKnownFileType = text.xcconfig; path = "SSPostmark-Dev-iOS.xcconfig"; sourceTree = "<group>"; };
		949AA1781E14AE7700F28EE5 /* SSPostmark-Release-iOS.xcconfig */ = {isa = PBXFileReference; lastKnownFileType = text.xcconfig; path = "SSPostmark-Release-iOS.xcconfig"; sourceTree = "<group>"; };
		949AA17D1E14B2F100F28EE5 /* SSPostmarkTests.xctest */ = {isa = PBXFileReference; explicitFileType = wrapper.cfbundle; includeInIndex = 0; path = SSPostmarkTests.xctest; sourceTree = BUILT_PRODUCTS_DIR; };
		949AA17F1E14B2F100F28EE5 /* SSPostmarkTests.m */ = {isa = PBXFileReference; lastKnownFileType = sourcecode.c.objc; path = SSPostmarkTests.m; sourceTree = "<group>"; };
		949AA1811E14B2F100F28EE5 /* Info.plist */ = {isa = PBXFileReference; lastKnownFileType = text.plist.xml; path = Info.plist; sourceTree = "<group>"; };
		949AA1881E14B30400F28EE5 /* Postmark.swift */ = {isa = PBXFileReference; fileEncoding = 4; lastKnownFileType = sourcecode.swift; path = Postmark.swift; sourceTree = "<group>"; };
/* End PBXFileReference section */

/* Begin PBXFrameworksBuildPhase section */
		949AA1531E14AE0E00F28EE5 /* Frameworks */ = {
			isa = PBXFrameworksBuildPhase;
			buildActionMask = 2147483647;
			files = (
			);
			runOnlyForDeploymentPostprocessing = 0;
		};
		949AA17A1E14B2F100F28EE5 /* Frameworks */ = {
			isa = PBXFrameworksBuildPhase;
			buildActionMask = 2147483647;
			files = (
				949AA1821E14B2F100F28EE5 /* SSPostmark.framework in Frameworks */,
			);
			runOnlyForDeploymentPostprocessing = 0;
		};
/* End PBXFrameworksBuildPhase section */

/* Begin PBXGroup section */
		949AA14D1E14AE0E00F28EE5 = {
			isa = PBXGroup;
			children = (
				949AA1711E14AE2600F28EE5 /* Config */,
				949AA1591E14AE0E00F28EE5 /* SSPostmark */,
				949AA17E1E14B2F100F28EE5 /* SSPostmarkTests */,
				949AA1581E14AE0E00F28EE5 /* Products */,
			);
			sourceTree = "<group>";
		};
		949AA1581E14AE0E00F28EE5 /* Products */ = {
			isa = PBXGroup;
			children = (
				949AA1571E14AE0E00F28EE5 /* SSPostmark.framework */,
				949AA17D1E14B2F100F28EE5 /* SSPostmarkTests.xctest */,
			);
			name = Products;
			sourceTree = "<group>";
		};
		949AA1591E14AE0E00F28EE5 /* SSPostmark */ = {
			isa = PBXGroup;
			children = (
				949AA1881E14B30400F28EE5 /* Postmark.swift */,
				94803A321E14B77E00B9C11E /* Message.swift */,
				945A83731E14CBAF00C35A36 /* HeaderItem.swift */,
				945A83771E14CE0800C35A36 /* Attachment.swift */,
				94803A301E14B50600B9C11E /* URLHelpers.swift */,
				945A83791E14D14000C35A36 /* Response.swift */,
				94803A3E1E14BE1C00B9C11E /* Localize.swift */,
				945A83751E14CBD100C35A36 /* JSONBuildable.swift */,
				945A837D1E15A2EA00C35A36 /* Error.swift */,
				949AA1721E14AE2B00F28EE5 /* Supporting Files */,
			);
			path = SSPostmark;
			sourceTree = "<group>";
		};
		949AA1711E14AE2600F28EE5 /* Config */ = {
			isa = PBXGroup;
			children = (
				949AA1731E14AE3C00F28EE5 /* Project-Base.xcconfig */,
				949AA1741E14AE4700F28EE5 /* Project-Dev.xcconfig */,
				949AA1751E14AE5600F28EE5 /* Project-Release.xcconfig */,
				949AA1761E14AE6100F28EE5 /* SSPostmark-Base-iOS.xcconfig */,
				949AA1771E14AE6C00F28EE5 /* SSPostmark-Dev-iOS.xcconfig */,
				949AA1781E14AE7700F28EE5 /* SSPostmark-Release-iOS.xcconfig */,
			);
			path = Config;
			sourceTree = "<group>";
		};
		949AA1721E14AE2B00F28EE5 /* Supporting Files */ = {
			isa = PBXGroup;
			children = (
				945A836B1E14C0D600C35A36 /* Localizable.strings */,
				949AA15A1E14AE0E00F28EE5 /* SSPostmark.h */,
				949AA15B1E14AE0E00F28EE5 /* Info.plist */,
			);
			name = "Supporting Files";
			sourceTree = "<group>";
		};
		949AA17E1E14B2F100F28EE5 /* SSPostmarkTests */ = {
			isa = PBXGroup;
			children = (
				949AA17F1E14B2F100F28EE5 /* SSPostmarkTests.m */,
				945A83711E14C76700C35A36 /* SSMessageTests.m */,
				945A837B1E14E2E300C35A36 /* SSAttachmentTests.m */,
				949AA1811E14B2F100F28EE5 /* Info.plist */,
			);
			path = SSPostmarkTests;
			sourceTree = "<group>";
		};
/* End PBXGroup section */

/* Begin PBXHeadersBuildPhase section */
		949AA1541E14AE0E00F28EE5 /* Headers */ = {
			isa = PBXHeadersBuildPhase;
			buildActionMask = 2147483647;
			files = (
				949AA1681E14AE0E00F28EE5 /* SSPostmark.h in Headers */,
			);
			runOnlyForDeploymentPostprocessing = 0;
		};
/* End PBXHeadersBuildPhase section */

/* Begin PBXNativeTarget section */
		949AA1561E14AE0E00F28EE5 /* SSPostmark */ = {
			isa = PBXNativeTarget;
			buildConfigurationList = 949AA16B1E14AE0E00F28EE5 /* Build configuration list for PBXNativeTarget "SSPostmark" */;
			buildPhases = (
				949AA1521E14AE0E00F28EE5 /* Sources */,
				949AA1531E14AE0E00F28EE5 /* Frameworks */,
				949AA1541E14AE0E00F28EE5 /* Headers */,
				949AA1551E14AE0E00F28EE5 /* Resources */,
			);
			buildRules = (
			);
			dependencies = (
			);
			name = SSPostmark;
			productName = SSPostmark;
			productReference = 949AA1571E14AE0E00F28EE5 /* SSPostmark.framework */;
			productType = "com.apple.product-type.framework";
		};
		949AA17C1E14B2F100F28EE5 /* SSPostmarkTests */ = {
			isa = PBXNativeTarget;
			buildConfigurationList = 949AA1851E14B2F100F28EE5 /* Build configuration list for PBXNativeTarget "SSPostmarkTests" */;
			buildPhases = (
				949AA1791E14B2F100F28EE5 /* Sources */,
				949AA17A1E14B2F100F28EE5 /* Frameworks */,
				949AA17B1E14B2F100F28EE5 /* Resources */,
			);
			buildRules = (
			);
			dependencies = (
				949AA1841E14B2F100F28EE5 /* PBXTargetDependency */,
			);
			name = SSPostmarkTests;
			productName = SSPostmarkTests;
			productReference = 949AA17D1E14B2F100F28EE5 /* SSPostmarkTests.xctest */;
			productType = "com.apple.product-type.bundle.unit-test";
		};
/* End PBXNativeTarget section */

/* Begin PBXProject section */
		949AA14E1E14AE0E00F28EE5 /* Project object */ = {
			isa = PBXProject;
			attributes = {
				LastSwiftUpdateCheck = 0810;
				LastUpgradeCheck = 0810;
				ORGANIZATIONNAME = "Skylar Schipper";
				TargetAttributes = {
					949AA1561E14AE0E00F28EE5 = {
						CreatedOnToolsVersion = 8.1;
						LastSwiftMigration = 0810;
						ProvisioningStyle = Automatic;
					};
					949AA17C1E14B2F100F28EE5 = {
						CreatedOnToolsVersion = 8.1;
						ProvisioningStyle = Automatic;
					};
				};
			};
			buildConfigurationList = 949AA1511E14AE0E00F28EE5 /* Build configuration list for PBXProject "SSPostmark" */;
			compatibilityVersion = "Xcode 3.2";
			developmentRegion = English;
			hasScannedForEncodings = 0;
			knownRegions = (
				en,
				es,
			);
			mainGroup = 949AA14D1E14AE0E00F28EE5;
			productRefGroup = 949AA1581E14AE0E00F28EE5 /* Products */;
			projectDirPath = "";
			projectRoot = "";
			targets = (
				949AA1561E14AE0E00F28EE5 /* SSPostmark */,
				949AA17C1E14B2F100F28EE5 /* SSPostmarkTests */,
			);
		};
/* End PBXProject section */

/* Begin PBXResourcesBuildPhase section */
		949AA1551E14AE0E00F28EE5 /* Resources */ = {
			isa = PBXResourcesBuildPhase;
			buildActionMask = 2147483647;
			files = (
				945A836D1E14C0D600C35A36 /* Localizable.strings in Resources */,
			);
			runOnlyForDeploymentPostprocessing = 0;
		};
		949AA17B1E14B2F100F28EE5 /* Resources */ = {
			isa = PBXResourcesBuildPhase;
			buildActionMask = 2147483647;
			files = (
			);
			runOnlyForDeploymentPostprocessing = 0;
		};
/* End PBXResourcesBuildPhase section */

/* Begin PBXSourcesBuildPhase section */
		949AA1521E14AE0E00F28EE5 /* Sources */ = {
			isa = PBXSourcesBuildPhase;
			buildActionMask = 2147483647;
			files = (
				945A837A1E14D14000C35A36 /* Response.swift in Sources */,
				94803A3F1E14BE1C00B9C11E /* Localize.swift in Sources */,
				945A83781E14CE0800C35A36 /* Attachment.swift in Sources */,
				94803A331E14B77E00B9C11E /* Message.swift in Sources */,
				949AA1891E14B30400F28EE5 /* Postmark.swift in Sources */,
				94803A311E14B50600B9C11E /* URLHelpers.swift in Sources */,
				945A83761E14CBD100C35A36 /* JSONBuildable.swift in Sources */,
				945A837E1E15A2EA00C35A36 /* Error.swift in Sources */,
				945A83741E14CBAF00C35A36 /* HeaderItem.swift in Sources */,
			);
			runOnlyForDeploymentPostprocessing = 0;
		};
		949AA1791E14B2F100F28EE5 /* Sources */ = {
			isa = PBXSourcesBuildPhase;
			buildActionMask = 2147483647;
			files = (
				949AA1801E14B2F100F28EE5 /* SSPostmarkTests.m in Sources */,
				945A83721E14C76700C35A36 /* SSMessageTests.m in Sources */,
				945A837C1E14E2E300C35A36 /* SSAttachmentTests.m in Sources */,
			);
			runOnlyForDeploymentPostprocessing = 0;
		};
/* End PBXSourcesBuildPhase section */

/* Begin PBXTargetDependency section */
		949AA1841E14B2F100F28EE5 /* PBXTargetDependency */ = {
			isa = PBXTargetDependency;
			target = 949AA1561E14AE0E00F28EE5 /* SSPostmark */;
			targetProxy = 949AA1831E14B2F100F28EE5 /* PBXContainerItemProxy */;
		};
/* End PBXTargetDependency section */

/* Begin PBXVariantGroup section */
		945A836B1E14C0D600C35A36 /* Localizable.strings */ = {
			isa = PBXVariantGroup;
			children = (
				945A836C1E14C0D600C35A36 /* en */,
			);
			name = Localizable.strings;
			sourceTree = "<group>";
		};
/* End PBXVariantGroup section */

/* Begin XCBuildConfiguration section */
		949AA1691E14AE0E00F28EE5 /* Debug */ = {
			isa = XCBuildConfiguration;
			baseConfigurationReference = 949AA1741E14AE4700F28EE5 /* Project-Dev.xcconfig */;
			buildSettings = {
			};
			name = Debug;
		};
		949AA16A1E14AE0E00F28EE5 /* Release */ = {
			isa = XCBuildConfiguration;
			baseConfigurationReference = 949AA1751E14AE5600F28EE5 /* Project-Release.xcconfig */;
			buildSettings = {
			};
			name = Release;
		};
		949AA16C1E14AE0E00F28EE5 /* Debug */ = {
			isa = XCBuildConfiguration;
			baseConfigurationReference = 949AA1771E14AE6C00F28EE5 /* SSPostmark-Dev-iOS.xcconfig */;
			buildSettings = {
			};
			name = Debug;
		};
		949AA16D1E14AE0E00F28EE5 /* Release */ = {
			isa = XCBuildConfiguration;
			baseConfigurationReference = 949AA1781E14AE7700F28EE5 /* SSPostmark-Release-iOS.xcconfig */;
			buildSettings = {
			};
			name = Release;
		};
		949AA1861E14B2F100F28EE5 /* Debug */ = {
			isa = XCBuildConfiguration;
			buildSettings = {
				ALWAYS_EMBED_SWIFT_STANDARD_LIBRARIES = YES;
				ALWAYS_SEARCH_USER_PATHS = NO;
				CLANG_ANALYZER_NONNULL = YES;
				CLANG_CXX_LANGUAGE_STANDARD = "gnu++0x";
				CLANG_CXX_LIBRARY = "libc++";
				CLANG_ENABLE_MODULES = YES;
				CLANG_ENABLE_OBJC_ARC = YES;
				CLANG_WARN_BOOL_CONVERSION = YES;
				CLANG_WARN_CONSTANT_CONVERSION = YES;
				CLANG_WARN_DIRECT_OBJC_ISA_USAGE = YES_ERROR;
				CLANG_WARN_DOCUMENTATION_COMMENTS = YES;
				CLANG_WARN_EMPTY_BODY = YES;
				CLANG_WARN_ENUM_CONVERSION = YES;
				CLANG_WARN_INFINITE_RECURSION = YES;
				CLANG_WARN_INT_CONVERSION = YES;
				CLANG_WARN_OBJC_ROOT_CLASS = YES_ERROR;
				CLANG_WARN_SUSPICIOUS_MOVES = YES;
				CLANG_WARN_UNREACHABLE_CODE = YES;
				CLANG_WARN__DUPLICATE_METHOD_MATCH = YES;
				"CODE_SIGN_IDENTITY[sdk=iphoneos*]" = "iPhone Developer";
				COPY_PHASE_STRIP = NO;
				DEBUG_INFORMATION_FORMAT = dwarf;
				ENABLE_STRICT_OBJC_MSGSEND = YES;
				ENABLE_TESTABILITY = YES;
				GCC_C_LANGUAGE_STANDARD = gnu99;
				GCC_DYNAMIC_NO_PIC = NO;
				GCC_NO_COMMON_BLOCKS = YES;
				GCC_OPTIMIZATION_LEVEL = 0;
				GCC_PREPROCESSOR_DEFINITIONS = (
					"DEBUG=1",
					"$(inherited)",
				);
				GCC_WARN_64_TO_32_BIT_CONVERSION = YES;
				GCC_WARN_ABOUT_RETURN_TYPE = YES_ERROR;
				GCC_WARN_UNDECLARED_SELECTOR = YES;
				GCC_WARN_UNINITIALIZED_AUTOS = YES_AGGRESSIVE;
				GCC_WARN_UNUSED_FUNCTION = YES;
				GCC_WARN_UNUSED_VARIABLE = YES;
				INFOPLIST_FILE = SSPostmarkTests/Info.plist;
				IPHONEOS_DEPLOYMENT_TARGET = 10.1;
				LD_RUNPATH_SEARCH_PATHS = "$(inherited) @executable_path/Frameworks @loader_path/Frameworks";
				MTL_ENABLE_DEBUG_INFO = YES;
				ONLY_ACTIVE_ARCH = YES;
				PRODUCT_BUNDLE_IDENTIFIER = com.skylarsch.SSPostmarkTests;
				PRODUCT_NAME = "$(TARGET_NAME)";
				SDKROOT = iphoneos;
			};
			name = Debug;
		};
		949AA1871E14B2F100F28EE5 /* Release */ = {
			isa = XCBuildConfiguration;
			buildSettings = {
				ALWAYS_EMBED_SWIFT_STANDARD_LIBRARIES = YES;
				ALWAYS_SEARCH_USER_PATHS = NO;
				CLANG_ANALYZER_NONNULL = YES;
				CLANG_CXX_LANGUAGE_STANDARD = "gnu++0x";
				CLANG_CXX_LIBRARY = "libc++";
				CLANG_ENABLE_MODULES = YES;
				CLANG_ENABLE_OBJC_ARC = YES;
				CLANG_WARN_BOOL_CONVERSION = YES;
				CLANG_WARN_CONSTANT_CONVERSION = YES;
				CLANG_WARN_DIRECT_OBJC_ISA_USAGE = YES_ERROR;
				CLANG_WARN_DOCUMENTATION_COMMENTS = YES;
				CLANG_WARN_EMPTY_BODY = YES;
				CLANG_WARN_ENUM_CONVERSION = YES;
				CLANG_WARN_INFINITE_RECURSION = YES;
				CLANG_WARN_INT_CONVERSION = YES;
				CLANG_WARN_OBJC_ROOT_CLASS = YES_ERROR;
				CLANG_WARN_SUSPICIOUS_MOVES = YES;
				CLANG_WARN_UNREACHABLE_CODE = YES;
				CLANG_WARN__DUPLICATE_METHOD_MATCH = YES;
				"CODE_SIGN_IDENTITY[sdk=iphoneos*]" = "iPhone Developer";
				COPY_PHASE_STRIP = NO;
				DEBUG_INFORMATION_FORMAT = "dwarf-with-dsym";
				ENABLE_NS_ASSERTIONS = NO;
				ENABLE_STRICT_OBJC_MSGSEND = YES;
				GCC_C_LANGUAGE_STANDARD = gnu99;
				GCC_NO_COMMON_BLOCKS = YES;
				GCC_WARN_64_TO_32_BIT_CONVERSION = YES;
				GCC_WARN_ABOUT_RETURN_TYPE = YES_ERROR;
				GCC_WARN_UNDECLARED_SELECTOR = YES;
				GCC_WARN_UNINITIALIZED_AUTOS = YES_AGGRESSIVE;
				GCC_WARN_UNUSED_FUNCTION = YES;
				GCC_WARN_UNUSED_VARIABLE = YES;
				INFOPLIST_FILE = SSPostmarkTests/Info.plist;
				IPHONEOS_DEPLOYMENT_TARGET = 10.1;
				LD_RUNPATH_SEARCH_PATHS = "$(inherited) @executable_path/Frameworks @loader_path/Frameworks";
				MTL_ENABLE_DEBUG_INFO = NO;
				PRODUCT_BUNDLE_IDENTIFIER = com.skylarsch.SSPostmarkTests;
				PRODUCT_NAME = "$(TARGET_NAME)";
				SDKROOT = iphoneos;
				VALIDATE_PRODUCT = YES;
			};
			name = Release;
		};
/* End XCBuildConfiguration section */

/* Begin XCConfigurationList section */
		949AA1511E14AE0E00F28EE5 /* Build configuration list for PBXProject "SSPostmark" */ = {
			isa = XCConfigurationList;
			buildConfigurations = (
				949AA1691E14AE0E00F28EE5 /* Debug */,
				949AA16A1E14AE0E00F28EE5 /* Release */,
			);
			defaultConfigurationIsVisible = 0;
			defaultConfigurationName = Release;
		};
		949AA16B1E14AE0E00F28EE5 /* Build configuration list for PBXNativeTarget "SSPostmark" */ = {
			isa = XCConfigurationList;
			buildConfigurations = (
				949AA16C1E14AE0E00F28EE5 /* Debug */,
				949AA16D1E14AE0E00F28EE5 /* Release */,
			);
			defaultConfigurationIsVisible = 0;
			defaultConfigurationName = Release;
		};
		949AA1851E14B2F100F28EE5 /* Build configuration list for PBXNativeTarget "SSPostmarkTests" */ = {
			isa = XCConfigurationList;
			buildConfigurations = (
				949AA1861E14B2F100F28EE5 /* Debug */,
				949AA1871E14B2F100F28EE5 /* Release */,
			);
			defaultConfigurationIsVisible = 0;
			defaultConfigurationName = Release;
		};
/* End XCConfigurationList section */
	};
	rootObject = 949AA14E1E14AE0E00F28EE5 /* Project object */;
}
