// !$*UTF8*$!
{
	archiveVersion = 1;
	classes = {
	};
	objectVersion = 46;
	objects = {

/* Begin PBXBuildFile section */
		943759D81977677100E4F882 /* SSPostmark.h in CopyFiles */ = {isa = PBXBuildFile; fileRef = 943759D71977677100E4F882 /* SSPostmark.h */; };
		943759DA1977677100E4F882 /* SSPostmark.m in Sources */ = {isa = PBXBuildFile; fileRef = 943759D91977677100E4F882 /* SSPostmark.m */; };
		943759E01977677100E4F882 /* libSSPostmark.a in Frameworks */ = {isa = PBXBuildFile; fileRef = 943759D41977677100E4F882 /* libSSPostmark.a */; };
		943759EF197767E100E4F882 /* SSPostmarkTests.m in Sources */ = {isa = PBXBuildFile; fileRef = 943759EE197767E100E4F882 /* SSPostmarkTests.m */; };
/* End PBXBuildFile section */

/* Begin PBXContainerItemProxy section */
		943759E11977677100E4F882 /* PBXContainerItemProxy */ = {
			isa = PBXContainerItemProxy;
			containerPortal = 943759CC1977677100E4F882 /* Project object */;
			proxyType = 1;
			remoteGlobalIDString = 943759D31977677100E4F882;
			remoteInfo = SSPostmark;
		};
/* End PBXContainerItemProxy section */

/* Begin PBXCopyFilesBuildPhase section */
		943759D21977677100E4F882 /* CopyFiles */ = {
			isa = PBXCopyFilesBuildPhase;
			buildActionMask = 2147483647;
			dstPath = "include/$(PRODUCT_NAME)";
			dstSubfolderSpec = 16;
			files = (
				943759D81977677100E4F882 /* SSPostmark.h in CopyFiles */,
			);
			runOnlyForDeploymentPostprocessing = 0;
		};
/* End PBXCopyFilesBuildPhase section */

/* Begin PBXFileReference section */
		943759D41977677100E4F882 /* libSSPostmark.a */ = {isa = PBXFileReference; explicitFileType = archive.ar; includeInIndex = 0; path = libSSPostmark.a; sourceTree = BUILT_PRODUCTS_DIR; };
		943759D71977677100E4F882 /* SSPostmark.h */ = {isa = PBXFileReference; lastKnownFileType = sourcecode.c.h; path = SSPostmark.h; sourceTree = "<group>"; };
		943759D91977677100E4F882 /* SSPostmark.m */ = {isa = PBXFileReference; lastKnownFileType = sourcecode.c.objc; path = SSPostmark.m; sourceTree = "<group>"; };
		943759DF1977677100E4F882 /* SSPostmarkTests.xctest */ = {isa = PBXFileReference; explicitFileType = wrapper.cfbundle; includeInIndex = 0; path = SSPostmarkTests.xctest; sourceTree = BUILT_PRODUCTS_DIR; };
		943759E51977677100E4F882 /* Info.plist */ = {isa = PBXFileReference; lastKnownFileType = text.plist.xml; path = Info.plist; sourceTree = "<group>"; };
		943759EE197767E100E4F882 /* SSPostmarkTests.m */ = {isa = PBXFileReference; fileEncoding = 4; lastKnownFileType = sourcecode.c.objc; path = SSPostmarkTests.m; sourceTree = "<group>"; };
/* End PBXFileReference section */

/* Begin PBXFrameworksBuildPhase section */
		943759D11977677100E4F882 /* Frameworks */ = {
			isa = PBXFrameworksBuildPhase;
			buildActionMask = 2147483647;
			files = (
			);
			runOnlyForDeploymentPostprocessing = 0;
		};
		943759DC1977677100E4F882 /* Frameworks */ = {
			isa = PBXFrameworksBuildPhase;
			buildActionMask = 2147483647;
			files = (
				943759E01977677100E4F882 /* libSSPostmark.a in Frameworks */,
			);
			runOnlyForDeploymentPostprocessing = 0;
		};
/* End PBXFrameworksBuildPhase section */

/* Begin PBXGroup section */
		943759CB1977677100E4F882 = {
			isa = PBXGroup;
			children = (
				943759D61977677100E4F882 /* SSPostmark */,
				943759E31977677100E4F882 /* SSPostmarkTests */,
				943759D51977677100E4F882 /* Products */,
			);
			sourceTree = "<group>";
		};
		943759D51977677100E4F882 /* Products */ = {
			isa = PBXGroup;
			children = (
				943759D41977677100E4F882 /* libSSPostmark.a */,
				943759DF1977677100E4F882 /* SSPostmarkTests.xctest */,
			);
			name = Products;
			sourceTree = "<group>";
		};
		943759D61977677100E4F882 /* SSPostmark */ = {
			isa = PBXGroup;
			children = (
				943759D71977677100E4F882 /* SSPostmark.h */,
				943759D91977677100E4F882 /* SSPostmark.m */,
			);
			path = SSPostmark;
			sourceTree = "<group>";
		};
		943759E31977677100E4F882 /* SSPostmarkTests */ = {
			isa = PBXGroup;
			children = (
				943759E41977677100E4F882 /* Supporting Files */,
				943759EE197767E100E4F882 /* SSPostmarkTests.m */,
			);
			path = SSPostmarkTests;
			sourceTree = "<group>";
		};
		943759E41977677100E4F882 /* Supporting Files */ = {
			isa = PBXGroup;
			children = (
				943759E51977677100E4F882 /* Info.plist */,
			);
			name = "Supporting Files";
			sourceTree = "<group>";
		};
/* End PBXGroup section */

/* Begin PBXNativeTarget section */
		943759D31977677100E4F882 /* SSPostmark */ = {
			isa = PBXNativeTarget;
			buildConfigurationList = 943759E81977677100E4F882 /* Build configuration list for PBXNativeTarget "SSPostmark" */;
			buildPhases = (
				943759D01977677100E4F882 /* Sources */,
				943759D11977677100E4F882 /* Frameworks */,
				943759D21977677100E4F882 /* CopyFiles */,
			);
			buildRules = (
			);
			dependencies = (
			);
			name = SSPostmark;
			productName = SSPostmark;
			productReference = 943759D41977677100E4F882 /* libSSPostmark.a */;
			productType = "com.apple.product-type.library.static";
		};
		943759DE1977677100E4F882 /* SSPostmarkTests */ = {
			isa = PBXNativeTarget;
			buildConfigurationList = 943759EB1977677100E4F882 /* Build configuration list for PBXNativeTarget "SSPostmarkTests" */;
			buildPhases = (
				943759DB1977677100E4F882 /* Sources */,
				943759DC1977677100E4F882 /* Frameworks */,
				943759DD1977677100E4F882 /* Resources */,
			);
			buildRules = (
			);
			dependencies = (
				943759E21977677100E4F882 /* PBXTargetDependency */,
			);
			name = SSPostmarkTests;
			productName = SSPostmarkTests;
			productReference = 943759DF1977677100E4F882 /* SSPostmarkTests.xctest */;
			productType = "com.apple.product-type.bundle.unit-test";
		};
/* End PBXNativeTarget section */

/* Begin PBXProject section */
		943759CC1977677100E4F882 /* Project object */ = {
			isa = PBXProject;
			attributes = {
				LastUpgradeCheck = 0600;
				ORGANIZATIONNAME = "OpenSky, LLC";
				TargetAttributes = {
					943759D31977677100E4F882 = {
						CreatedOnToolsVersion = 6.0;
					};
					943759DE1977677100E4F882 = {
						CreatedOnToolsVersion = 6.0;
						TestTargetID = 943759D31977677100E4F882;
					};
				};
			};
			buildConfigurationList = 943759CF1977677100E4F882 /* Build configuration list for PBXProject "SSPostmark" */;
			compatibilityVersion = "Xcode 3.2";
			developmentRegion = English;
			hasScannedForEncodings = 0;
			knownRegions = (
				en,
			);
			mainGroup = 943759CB1977677100E4F882;
			productRefGroup = 943759D51977677100E4F882 /* Products */;
			projectDirPath = "";
			projectRoot = "";
			targets = (
				943759D31977677100E4F882 /* SSPostmark */,
				943759DE1977677100E4F882 /* SSPostmarkTests */,
			);
		};
/* End PBXProject section */

/* Begin PBXResourcesBuildPhase section */
		943759DD1977677100E4F882 /* Resources */ = {
			isa = PBXResourcesBuildPhase;
			buildActionMask = 2147483647;
			files = (
			);
			runOnlyForDeploymentPostprocessing = 0;
		};
/* End PBXResourcesBuildPhase section */

/* Begin PBXSourcesBuildPhase section */
		943759D01977677100E4F882 /* Sources */ = {
			isa = PBXSourcesBuildPhase;
			buildActionMask = 2147483647;
			files = (
				943759DA1977677100E4F882 /* SSPostmark.m in Sources */,
			);
			runOnlyForDeploymentPostprocessing = 0;
		};
		943759DB1977677100E4F882 /* Sources */ = {
			isa = PBXSourcesBuildPhase;
			buildActionMask = 2147483647;
			files = (
				943759EF197767E100E4F882 /* SSPostmarkTests.m in Sources */,
			);
			runOnlyForDeploymentPostprocessing = 0;
		};
/* End PBXSourcesBuildPhase section */

/* Begin PBXTargetDependency section */
		943759E21977677100E4F882 /* PBXTargetDependency */ = {
			isa = PBXTargetDependency;
			target = 943759D31977677100E4F882 /* SSPostmark */;
			targetProxy = 943759E11977677100E4F882 /* PBXContainerItemProxy */;
		};
/* End PBXTargetDependency section */

/* Begin XCBuildConfiguration section */
		943759E61977677100E4F882 /* Debug */ = {
			isa = XCBuildConfiguration;
			buildSettings = {
				ALWAYS_SEARCH_USER_PATHS = NO;
				CLANG_CXX_LANGUAGE_STANDARD = "gnu++0x";
				CLANG_CXX_LIBRARY = "libc++";
				CLANG_ENABLE_MODULES = YES;
				CLANG_ENABLE_OBJC_ARC = YES;
				CLANG_WARN_BOOL_CONVERSION = YES;
				CLANG_WARN_CONSTANT_CONVERSION = YES;
				CLANG_WARN_DIRECT_OBJC_ISA_USAGE = YES_ERROR;
				CLANG_WARN_EMPTY_BODY = YES;
				CLANG_WARN_ENUM_CONVERSION = YES;
				CLANG_WARN_INT_CONVERSION = YES;
				CLANG_WARN_OBJC_ROOT_CLASS = YES_ERROR;
				CLANG_WARN_UNREACHABLE_CODE = YES;
				CLANG_WARN__DUPLICATE_METHOD_MATCH = YES;
				COPY_PHASE_STRIP = NO;
				ENABLE_STRICT_OBJC_MSGSEND = YES;
				GCC_C_LANGUAGE_STANDARD = gnu99;
				GCC_DYNAMIC_NO_PIC = NO;
				GCC_OPTIMIZATION_LEVEL = 0;
				GCC_PREPROCESSOR_DEFINITIONS = (
					"DEBUG=1",
					"$(inherited)",
				);
				GCC_SYMBOLS_PRIVATE_EXTERN = NO;
				GCC_WARN_64_TO_32_BIT_CONVERSION = YES;
				GCC_WARN_ABOUT_RETURN_TYPE = YES_ERROR;
				GCC_WARN_UNDECLARED_SELECTOR = YES;
				GCC_WARN_UNINITIALIZED_AUTOS = YES_AGGRESSIVE;
				GCC_WARN_UNUSED_FUNCTION = YES;
				GCC_WARN_UNUSED_VARIABLE = YES;
				IPHONEOS_DEPLOYMENT_TARGET = 8.0;
				MTL_ENABLE_DEBUG_INFO = YES;
				ONLY_ACTIVE_ARCH = YES;
				SDKROOT = iphoneos;
			};
			name = Debug;
		};
		943759E71977677100E4F882 /* Release */ = {
			isa = XCBuildConfiguration;
			buildSettings = {
				ALWAYS_SEARCH_USER_PATHS = NO;
				CLANG_CXX_LANGUAGE_STANDARD = "gnu++0x";
				CLANG_CXX_LIBRARY = "libc++";
				CLANG_ENABLE_MODULES = YES;
				CLANG_ENABLE_OBJC_ARC = YES;
				CLANG_WARN_BOOL_CONVERSION = YES;
				CLANG_WARN_CONSTANT_CONVERSION = YES;
				CLANG_WARN_DIRECT_OBJC_ISA_USAGE = YES_ERROR;
				CLANG_WARN_EMPTY_BODY = YES;
				CLANG_WARN_ENUM_CONVERSION = YES;
				CLANG_WARN_INT_CONVERSION = YES;
				CLANG_WARN_OBJC_ROOT_CLASS = YES_ERROR;
				CLANG_WARN_UNREACHABLE_CODE = YES;
				CLANG_WARN__DUPLICATE_METHOD_MATCH = YES;
				COPY_PHASE_STRIP = YES;
				ENABLE_NS_ASSERTIONS = NO;
				ENABLE_STRICT_OBJC_MSGSEND = YES;
				GCC_C_LANGUAGE_STANDARD = gnu99;
				GCC_WARN_64_TO_32_BIT_CONVERSION = YES;
				GCC_WARN_ABOUT_RETURN_TYPE = YES_ERROR;
				GCC_WARN_UNDECLARED_SELECTOR = YES;
				GCC_WARN_UNINITIALIZED_AUTOS = YES_AGGRESSIVE;
				GCC_WARN_UNUSED_FUNCTION = YES;
				GCC_WARN_UNUSED_VARIABLE = YES;
				IPHONEOS_DEPLOYMENT_TARGET = 8.0;
				MTL_ENABLE_DEBUG_INFO = NO;
				SDKROOT = iphoneos;
				VALIDATE_PRODUCT = YES;
			};
			name = Release;
		};
		943759E91977677100E4F882 /* Debug */ = {
			isa = XCBuildConfiguration;
			buildSettings = {
				IPHONEOS_DEPLOYMENT_TARGET = 7.1;
				OTHER_LDFLAGS = "-ObjC";
				PRODUCT_NAME = "$(TARGET_NAME)";
				SKIP_INSTALL = YES;
			};
			name = Debug;
		};
		943759EA1977677100E4F882 /* Release */ = {
			isa = XCBuildConfiguration;
			buildSettings = {
				IPHONEOS_DEPLOYMENT_TARGET = 7.1;
				OTHER_LDFLAGS = "-ObjC";
				PRODUCT_NAME = "$(TARGET_NAME)";
				SKIP_INSTALL = YES;
			};
			name = Release;
		};
		943759EC1977677100E4F882 /* Debug */ = {
			isa = XCBuildConfiguration;
			buildSettings = {
				FRAMEWORK_SEARCH_PATHS = (
					"$(SDKROOT)/Developer/Library/Frameworks",
					"$(inherited)",
				);
				GCC_PREPROCESSOR_DEFINITIONS = (
					"DEBUG=1",
					"$(inherited)",
				);
				INFOPLIST_FILE = SSPostmarkTests/Info.plist;
				LD_RUNPATH_SEARCH_PATHS = "$(inherited) @executable_path/Frameworks @loader_path/Frameworks";
				PRODUCT_NAME = "$(TARGET_NAME)";
			};
			name = Debug;
		};
		943759ED1977677100E4F882 /* Release */ = {
			isa = XCBuildConfiguration;
			buildSettings = {
				FRAMEWORK_SEARCH_PATHS = (
					"$(SDKROOT)/Developer/Library/Frameworks",
					"$(inherited)",
				);
				INFOPLIST_FILE = SSPostmarkTests/Info.plist;
				LD_RUNPATH_SEARCH_PATHS = "$(inherited) @executable_path/Frameworks @loader_path/Frameworks";
				PRODUCT_NAME = "$(TARGET_NAME)";
			};
			name = Release;
		};
/* End XCBuildConfiguration section */

/* Begin XCConfigurationList section */
		943759CF1977677100E4F882 /* Build configuration list for PBXProject "SSPostmark" */ = {
			isa = XCConfigurationList;
			buildConfigurations = (
				943759E61977677100E4F882 /* Debug */,
				943759E71977677100E4F882 /* Release */,
			);
			defaultConfigurationIsVisible = 0;
			defaultConfigurationName = Release;
		};
		943759E81977677100E4F882 /* Build configuration list for PBXNativeTarget "SSPostmark" */ = {
			isa = XCConfigurationList;
			buildConfigurations = (
				943759E91977677100E4F882 /* Debug */,
				943759EA1977677100E4F882 /* Release */,
			);
			defaultConfigurationIsVisible = 0;
		};
		943759EB1977677100E4F882 /* Build configuration list for PBXNativeTarget "SSPostmarkTests" */ = {
			isa = XCConfigurationList;
			buildConfigurations = (
				943759EC1977677100E4F882 /* Debug */,
				943759ED1977677100E4F882 /* Release */,
			);
			defaultConfigurationIsVisible = 0;
		};
/* End XCConfigurationList section */
	};
	rootObject = 943759CC1977677100E4F882 /* Project object */;
}
